
Microsoft Visual Studio Solution File, Format Version 12.00
# Visual Studio 14
VisualStudioVersion = 14.0.25420.1
MinimumVisualStudioVersion = 10.0.40219.1
Project("{FAE04EC0-301F-11D3-BF4B-00C04F79EFBC}") = "Singleton", "Singleton\Singleton.csproj", "{8FFCFEED-19EC-48E2-B1F2-2BB99F264EC7}"
EndProject
Project("{FAE04EC0-301F-11D3-BF4B-00C04F79EFBC}") = "Builder", "Builder\Builder.csproj", "{B532871B-6E11-48FE-B158-6ACB966A2A7E}"
EndProject
Project("{FAE04EC0-301F-11D3-BF4B-00C04F79EFBC}") = "FactoryMethod", "FactoryMethod\FactoryMethod.csproj", "{C38CAB35-9E56-49A3-8A70-38B4ECBD2139}"
EndProject
Project("{FAE04EC0-301F-11D3-BF4B-00C04F79EFBC}") = "AbstractFactory", "AbstractFactory\AbstractFactory.csproj", "{67860E46-A115-424F-A395-055DA520654D}"
EndProject
Project("{2150E333-8FDC-42A3-9474-1A3956D46DE8}") = "Creational", "Creational", "{D1B5BBA6-B4C0-4A98-8DB6-A4BDA9E7D950}"
EndProject
Project("{FAE04EC0-301F-11D3-BF4B-00C04F79EFBC}") = "Prototype", "Prototype\Prototype.csproj", "{EF6A005F-486B-4A8B-B1D6-90ED47D8E069}"
EndProject
Project("{2150E333-8FDC-42A3-9474-1A3956D46DE8}") = "Structural", "Structural", "{53AEB829-15B4-43DD-BFE6-2C9A1D84937A}"
EndProject
Project("{2150E333-8FDC-42A3-9474-1A3956D46DE8}") = "Behavioral", "Behavioral", "{2613F185-82AD-4E90-8B53-AD4F22297B60}"
EndProject
Project("{FAE04EC0-301F-11D3-BF4B-00C04F79EFBC}") = "ObserverPattern", "ObserverPattern\ObserverPattern.csproj", "{D17A1292-E947-46A3-92F7-D00ADFDE313F}"
EndProject
Project("{FAE04EC0-301F-11D3-BF4B-00C04F79EFBC}") = "Adapter", "Adapter\Adapter.csproj", "{E251C6E4-1485-487F-BBD9-A581DCC59EC4}"
EndProject
Project("{2150E333-8FDC-42A3-9474-1A3956D46DE8}") = "Documents", "Documents", "{B974FE5F-2B13-400B-AF40-F15C619786F2}"
	ProjectSection(SolutionItems) = preProject
		designpatternscard.pdf = designpatternscard.pdf
	EndProjectSection
EndProject
Project("{2150E333-8FDC-42A3-9474-1A3956D46DE8}") = "LinkedList", "LinkedList", "{13D1F665-C5D4-462D-8C43-A8C7681D5035}"
EndProject
Project("{FAE04EC0-301F-11D3-BF4B-00C04F79EFBC}") = "LinkedList", "LinkedList\LinkedList\LinkedList.csproj", "{48BE5654-F901-45AE-838E-6A57D1819AF1}"
EndProject
Project("{2150E333-8FDC-42A3-9474-1A3956D46DE8}") = "DynamicProgramming", "DynamicProgramming", "{1F324B22-6F9B-4D58-90F9-9DA17C269826}"
EndProject
Project("{FAE04EC0-301F-11D3-BF4B-00C04F79EFBC}") = "DynamicProgramming", "DynamicProgramming\DynamicProgramming\DynamicProgramming.csproj", "{C82E11B1-18DF-456D-8CBD-9B39EF32A80A}"
EndProject
Project("{2150E333-8FDC-42A3-9474-1A3956D46DE8}") = "Trie", "Trie", "{A17EA651-5357-4B36-ABC7-8D837B3EF2AC}"
EndProject
Project("{FAE04EC0-301F-11D3-BF4B-00C04F79EFBC}") = "Trie", "Trie\Trie.csproj", "{AF8FE982-9443-4072-986A-3EF43BB6A26E}"
EndProject
Project("{2150E333-8FDC-42A3-9474-1A3956D46DE8}") = "Sets", "Sets", "{4691AFAD-0BAD-4D56-B295-32ABF0AE9054}"
EndProject
Project("{FAE04EC0-301F-11D3-BF4B-00C04F79EFBC}") = "Subsets", "Subsets\Subsets.csproj", "{160672D3-B7C6-420B-8647-C966E9D2CFC7}"
EndProject
Project("{2150E333-8FDC-42A3-9474-1A3956D46DE8}") = "Tree", "Tree", "{804AE1CD-8E9B-42D5-A148-2639DAC7C773}"
EndProject
Project("{FAE04EC0-301F-11D3-BF4B-00C04F79EFBC}") = "TreeDS", "Tree\TreeDS.csproj", "{B26B7C93-3C31-4FE9-9449-1DEBAC06F0D3}"
EndProject
Project("{2150E333-8FDC-42A3-9474-1A3956D46DE8}") = "Graph", "Graph", "{FD49F4C5-D6DA-42D8-83BE-CAE914F3DE61}"
EndProject
Project("{FAE04EC0-301F-11D3-BF4B-00C04F79EFBC}") = "GraphDs", "GraphDs\GraphDs.csproj", "{095A2A22-B97A-469C-825E-BEDF7BA23F24}"
EndProject
Project("{2150E333-8FDC-42A3-9474-1A3956D46DE8}") = "DesignPatterns", "DesignPatterns", "{907A51F3-B4AB-4670-80D9-3FCCDC667D53}"
EndProject
Project("{2150E333-8FDC-42A3-9474-1A3956D46DE8}") = "DataStructures", "DataStructures", "{77B07779-9EA5-4624-9E75-660367A849A9}"
EndProject
Project("{2150E333-8FDC-42A3-9474-1A3956D46DE8}") = "Algorithms", "Algorithms", "{3EEEB510-A414-449C-AFBA-E8D7DCB02529}"
EndProject
Project("{2150E333-8FDC-42A3-9474-1A3956D46DE8}") = "Strings", "Strings", "{BC5AE129-AD97-4BB8-9FA9-51A30797B2C0}"
EndProject
Project("{FAE04EC0-301F-11D3-BF4B-00C04F79EFBC}") = "Strings", "Strings\Strings.csproj", "{994360E8-4820-44A7-9D27-98F22C629490}"
EndProject
Project("{2150E333-8FDC-42A3-9474-1A3956D46DE8}") = "BInarySearch", "BInarySearch", "{E2BFCDED-6031-4521-BD21-05A12E7FB336}"
EndProject
Project("{FAE04EC0-301F-11D3-BF4B-00C04F79EFBC}") = "BinarySearch", "BinarySearch\BinarySearch.csproj", "{91D7BBEE-172D-427E-A16D-EACB7BD167F6}"
EndProject
Project("{FAE04EC0-301F-11D3-BF4B-00C04F79EFBC}") = "Sorting", "Sorting\Sorting.csproj", "{DF3CD886-3ED7-4C9B-8910-97C94C406755}"
EndProject
Project("{2150E333-8FDC-42A3-9474-1A3956D46DE8}") = "Sort", "Sort", "{7D12EB28-7B17-4230-A844-74043D2F64BD}"
EndProject
Global
	GlobalSection(SolutionConfigurationPlatforms) = preSolution
		Debug|Any CPU = Debug|Any CPU
		Release|Any CPU = Release|Any CPU
	EndGlobalSection
	GlobalSection(ProjectConfigurationPlatforms) = postSolution
		{8FFCFEED-19EC-48E2-B1F2-2BB99F264EC7}.Debug|Any CPU.ActiveCfg = Debug|Any CPU
		{8FFCFEED-19EC-48E2-B1F2-2BB99F264EC7}.Debug|Any CPU.Build.0 = Debug|Any CPU
		{8FFCFEED-19EC-48E2-B1F2-2BB99F264EC7}.Release|Any CPU.ActiveCfg = Release|Any CPU
		{8FFCFEED-19EC-48E2-B1F2-2BB99F264EC7}.Release|Any CPU.Build.0 = Release|Any CPU
		{B532871B-6E11-48FE-B158-6ACB966A2A7E}.Debug|Any CPU.ActiveCfg = Debug|Any CPU
		{B532871B-6E11-48FE-B158-6ACB966A2A7E}.Debug|Any CPU.Build.0 = Debug|Any CPU
		{B532871B-6E11-48FE-B158-6ACB966A2A7E}.Release|Any CPU.ActiveCfg = Release|Any CPU
		{B532871B-6E11-48FE-B158-6ACB966A2A7E}.Release|Any CPU.Build.0 = Release|Any CPU
		{C38CAB35-9E56-49A3-8A70-38B4ECBD2139}.Debug|Any CPU.ActiveCfg = Debug|Any CPU
		{C38CAB35-9E56-49A3-8A70-38B4ECBD2139}.Debug|Any CPU.Build.0 = Debug|Any CPU
		{C38CAB35-9E56-49A3-8A70-38B4ECBD2139}.Release|Any CPU.ActiveCfg = Release|Any CPU
		{C38CAB35-9E56-49A3-8A70-38B4ECBD2139}.Release|Any CPU.Build.0 = Release|Any CPU
		{67860E46-A115-424F-A395-055DA520654D}.Debug|Any CPU.ActiveCfg = Debug|Any CPU
		{67860E46-A115-424F-A395-055DA520654D}.Debug|Any CPU.Build.0 = Debug|Any CPU
		{67860E46-A115-424F-A395-055DA520654D}.Release|Any CPU.ActiveCfg = Release|Any CPU
		{67860E46-A115-424F-A395-055DA520654D}.Release|Any CPU.Build.0 = Release|Any CPU
		{EF6A005F-486B-4A8B-B1D6-90ED47D8E069}.Debug|Any CPU.ActiveCfg = Debug|Any CPU
		{EF6A005F-486B-4A8B-B1D6-90ED47D8E069}.Debug|Any CPU.Build.0 = Debug|Any CPU
		{EF6A005F-486B-4A8B-B1D6-90ED47D8E069}.Release|Any CPU.ActiveCfg = Release|Any CPU
		{EF6A005F-486B-4A8B-B1D6-90ED47D8E069}.Release|Any CPU.Build.0 = Release|Any CPU
		{D17A1292-E947-46A3-92F7-D00ADFDE313F}.Debug|Any CPU.ActiveCfg = Debug|Any CPU
		{D17A1292-E947-46A3-92F7-D00ADFDE313F}.Debug|Any CPU.Build.0 = Debug|Any CPU
		{D17A1292-E947-46A3-92F7-D00ADFDE313F}.Release|Any CPU.ActiveCfg = Release|Any CPU
		{D17A1292-E947-46A3-92F7-D00ADFDE313F}.Release|Any CPU.Build.0 = Release|Any CPU
		{E251C6E4-1485-487F-BBD9-A581DCC59EC4}.Debug|Any CPU.ActiveCfg = Debug|Any CPU
		{E251C6E4-1485-487F-BBD9-A581DCC59EC4}.Debug|Any CPU.Build.0 = Debug|Any CPU
		{E251C6E4-1485-487F-BBD9-A581DCC59EC4}.Release|Any CPU.ActiveCfg = Release|Any CPU
		{E251C6E4-1485-487F-BBD9-A581DCC59EC4}.Release|Any CPU.Build.0 = Release|Any CPU
		{48BE5654-F901-45AE-838E-6A57D1819AF1}.Debug|Any CPU.ActiveCfg = Debug|Any CPU
		{48BE5654-F901-45AE-838E-6A57D1819AF1}.Debug|Any CPU.Build.0 = Debug|Any CPU
		{48BE5654-F901-45AE-838E-6A57D1819AF1}.Release|Any CPU.ActiveCfg = Release|Any CPU
		{48BE5654-F901-45AE-838E-6A57D1819AF1}.Release|Any CPU.Build.0 = Release|Any CPU
		{C82E11B1-18DF-456D-8CBD-9B39EF32A80A}.Debug|Any CPU.ActiveCfg = Debug|Any CPU
		{C82E11B1-18DF-456D-8CBD-9B39EF32A80A}.Debug|Any CPU.Build.0 = Debug|Any CPU
		{C82E11B1-18DF-456D-8CBD-9B39EF32A80A}.Release|Any CPU.ActiveCfg = Release|Any CPU
		{C82E11B1-18DF-456D-8CBD-9B39EF32A80A}.Release|Any CPU.Build.0 = Release|Any CPU
		{AF8FE982-9443-4072-986A-3EF43BB6A26E}.Debug|Any CPU.ActiveCfg = Debug|Any CPU
		{AF8FE982-9443-4072-986A-3EF43BB6A26E}.Debug|Any CPU.Build.0 = Debug|Any CPU
		{AF8FE982-9443-4072-986A-3EF43BB6A26E}.Release|Any CPU.ActiveCfg = Release|Any CPU
		{AF8FE982-9443-4072-986A-3EF43BB6A26E}.Release|Any CPU.Build.0 = Release|Any CPU
		{160672D3-B7C6-420B-8647-C966E9D2CFC7}.Debug|Any CPU.ActiveCfg = Debug|Any CPU
		{160672D3-B7C6-420B-8647-C966E9D2CFC7}.Debug|Any CPU.Build.0 = Debug|Any CPU
		{160672D3-B7C6-420B-8647-C966E9D2CFC7}.Release|Any CPU.ActiveCfg = Release|Any CPU
		{160672D3-B7C6-420B-8647-C966E9D2CFC7}.Release|Any CPU.Build.0 = Release|Any CPU
		{B26B7C93-3C31-4FE9-9449-1DEBAC06F0D3}.Debug|Any CPU.ActiveCfg = Debug|Any CPU
		{B26B7C93-3C31-4FE9-9449-1DEBAC06F0D3}.Debug|Any CPU.Build.0 = Debug|Any CPU
		{B26B7C93-3C31-4FE9-9449-1DEBAC06F0D3}.Release|Any CPU.ActiveCfg = Release|Any CPU
		{B26B7C93-3C31-4FE9-9449-1DEBAC06F0D3}.Release|Any CPU.Build.0 = Release|Any CPU
		{095A2A22-B97A-469C-825E-BEDF7BA23F24}.Debug|Any CPU.ActiveCfg = Debug|Any CPU
		{095A2A22-B97A-469C-825E-BEDF7BA23F24}.Debug|Any CPU.Build.0 = Debug|Any CPU
		{095A2A22-B97A-469C-825E-BEDF7BA23F24}.Release|Any CPU.ActiveCfg = Release|Any CPU
		{095A2A22-B97A-469C-825E-BEDF7BA23F24}.Release|Any CPU.Build.0 = Release|Any CPU
		{994360E8-4820-44A7-9D27-98F22C629490}.Debug|Any CPU.ActiveCfg = Debug|Any CPU
		{994360E8-4820-44A7-9D27-98F22C629490}.Debug|Any CPU.Build.0 = Debug|Any CPU
		{994360E8-4820-44A7-9D27-98F22C629490}.Release|Any CPU.ActiveCfg = Release|Any CPU
		{994360E8-4820-44A7-9D27-98F22C629490}.Release|Any CPU.Build.0 = Release|Any CPU
		{91D7BBEE-172D-427E-A16D-EACB7BD167F6}.Debug|Any CPU.ActiveCfg = Debug|Any CPU
		{91D7BBEE-172D-427E-A16D-EACB7BD167F6}.Debug|Any CPU.Build.0 = Debug|Any CPU
		{91D7BBEE-172D-427E-A16D-EACB7BD167F6}.Release|Any CPU.ActiveCfg = Release|Any CPU
		{91D7BBEE-172D-427E-A16D-EACB7BD167F6}.Release|Any CPU.Build.0 = Release|Any CPU
		{DF3CD886-3ED7-4C9B-8910-97C94C406755}.Debug|Any CPU.ActiveCfg = Debug|Any CPU
		{DF3CD886-3ED7-4C9B-8910-97C94C406755}.Debug|Any CPU.Build.0 = Debug|Any CPU
		{DF3CD886-3ED7-4C9B-8910-97C94C406755}.Release|Any CPU.ActiveCfg = Release|Any CPU
		{DF3CD886-3ED7-4C9B-8910-97C94C406755}.Release|Any CPU.Build.0 = Release|Any CPU
	EndGlobalSection
	GlobalSection(SolutionProperties) = preSolution
		HideSolutionNode = FALSE
	EndGlobalSection
	GlobalSection(NestedProjects) = preSolution
		{8FFCFEED-19EC-48E2-B1F2-2BB99F264EC7} = {D1B5BBA6-B4C0-4A98-8DB6-A4BDA9E7D950}
		{B532871B-6E11-48FE-B158-6ACB966A2A7E} = {D1B5BBA6-B4C0-4A98-8DB6-A4BDA9E7D950}
		{C38CAB35-9E56-49A3-8A70-38B4ECBD2139} = {D1B5BBA6-B4C0-4A98-8DB6-A4BDA9E7D950}
		{67860E46-A115-424F-A395-055DA520654D} = {D1B5BBA6-B4C0-4A98-8DB6-A4BDA9E7D950}
		{D1B5BBA6-B4C0-4A98-8DB6-A4BDA9E7D950} = {907A51F3-B4AB-4670-80D9-3FCCDC667D53}
		{EF6A005F-486B-4A8B-B1D6-90ED47D8E069} = {D1B5BBA6-B4C0-4A98-8DB6-A4BDA9E7D950}
		{53AEB829-15B4-43DD-BFE6-2C9A1D84937A} = {907A51F3-B4AB-4670-80D9-3FCCDC667D53}
		{2613F185-82AD-4E90-8B53-AD4F22297B60} = {907A51F3-B4AB-4670-80D9-3FCCDC667D53}
		{D17A1292-E947-46A3-92F7-D00ADFDE313F} = {2613F185-82AD-4E90-8B53-AD4F22297B60}
		{E251C6E4-1485-487F-BBD9-A581DCC59EC4} = {53AEB829-15B4-43DD-BFE6-2C9A1D84937A}
		{B974FE5F-2B13-400B-AF40-F15C619786F2} = {907A51F3-B4AB-4670-80D9-3FCCDC667D53}
		{13D1F665-C5D4-462D-8C43-A8C7681D5035} = {77B07779-9EA5-4624-9E75-660367A849A9}
		{48BE5654-F901-45AE-838E-6A57D1819AF1} = {13D1F665-C5D4-462D-8C43-A8C7681D5035}
		{1F324B22-6F9B-4D58-90F9-9DA17C269826} = {3EEEB510-A414-449C-AFBA-E8D7DCB02529}
		{C82E11B1-18DF-456D-8CBD-9B39EF32A80A} = {1F324B22-6F9B-4D58-90F9-9DA17C269826}
		{A17EA651-5357-4B36-ABC7-8D837B3EF2AC} = {77B07779-9EA5-4624-9E75-660367A849A9}
		{AF8FE982-9443-4072-986A-3EF43BB6A26E} = {A17EA651-5357-4B36-ABC7-8D837B3EF2AC}
		{4691AFAD-0BAD-4D56-B295-32ABF0AE9054} = {3EEEB510-A414-449C-AFBA-E8D7DCB02529}
		{160672D3-B7C6-420B-8647-C966E9D2CFC7} = {4691AFAD-0BAD-4D56-B295-32ABF0AE9054}
		{804AE1CD-8E9B-42D5-A148-2639DAC7C773} = {77B07779-9EA5-4624-9E75-660367A849A9}
		{B26B7C93-3C31-4FE9-9449-1DEBAC06F0D3} = {804AE1CD-8E9B-42D5-A148-2639DAC7C773}
		{FD49F4C5-D6DA-42D8-83BE-CAE914F3DE61} = {77B07779-9EA5-4624-9E75-660367A849A9}
		{095A2A22-B97A-469C-825E-BEDF7BA23F24} = {FD49F4C5-D6DA-42D8-83BE-CAE914F3DE61}
		{BC5AE129-AD97-4BB8-9FA9-51A30797B2C0} = {77B07779-9EA5-4624-9E75-660367A849A9}
		{994360E8-4820-44A7-9D27-98F22C629490} = {BC5AE129-AD97-4BB8-9FA9-51A30797B2C0}
		{E2BFCDED-6031-4521-BD21-05A12E7FB336} = {3EEEB510-A414-449C-AFBA-E8D7DCB02529}
		{91D7BBEE-172D-427E-A16D-EACB7BD167F6} = {E2BFCDED-6031-4521-BD21-05A12E7FB336}
		{DF3CD886-3ED7-4C9B-8910-97C94C406755} = {7D12EB28-7B17-4230-A844-74043D2F64BD}
		{7D12EB28-7B17-4230-A844-74043D2F64BD} = {3EEEB510-A414-449C-AFBA-E8D7DCB02529}
	EndGlobalSection
EndGlobal
