
Microsoft Visual Studio Solution File, Format Version 12.00
# Visual Studio 14
VisualStudioVersion = 14.0.25420.1
MinimumVisualStudioVersion = 10.0.40219.1
Project("{FAE04EC0-301F-11D3-BF4B-00C04F79EFBC}") = "Singleton", "Singleton\Singleton.csproj", "{8FFCFEED-19EC-48E2-B1F2-2BB99F264EC7}"
EndProject
Project("{FAE04EC0-301F-11D3-BF4B-00C04F79EFBC}") = "Builder", "Builder\Builder.csproj", "{B532871B-6E11-48FE-B158-6ACB966A2A7E}"
EndProject
Project("{FAE04EC0-301F-11D3-BF4B-00C04F79EFBC}") = "FactoryMethod", "FactoryMethod\FactoryMethod.csproj", "{C38CAB35-9E56-49A3-8A70-38B4ECBD2139}"
EndProject
Project("{FAE04EC0-301F-11D3-BF4B-00C04F79EFBC}") = "AbstractFactory", "AbstractFactory\AbstractFactory.csproj", "{67860E46-A115-424F-A395-055DA520654D}"
EndProject
Project("{2150E333-8FDC-42A3-9474-1A3956D46DE8}") = "Creational", "Creational", "{D1B5BBA6-B4C0-4A98-8DB6-A4BDA9E7D950}"
EndProject
Project("{FAE04EC0-301F-11D3-BF4B-00C04F79EFBC}") = "Prototype", "Prototype\Prototype.csproj", "{EF6A005F-486B-4A8B-B1D6-90ED47D8E069}"
EndProject
Project("{2150E333-8FDC-42A3-9474-1A3956D46DE8}") = "Structural", "Structural", "{53AEB829-15B4-43DD-BFE6-2C9A1D84937A}"
EndProject
Project("{2150E333-8FDC-42A3-9474-1A3956D46DE8}") = "Behavioral", "Behavioral", "{2613F185-82AD-4E90-8B53-AD4F22297B60}"
EndProject
Project("{FAE04EC0-301F-11D3-BF4B-00C04F79EFBC}") = "ObserverPattern", "ObserverPattern\ObserverPattern.csproj", "{D17A1292-E947-46A3-92F7-D00ADFDE313F}"
EndProject
Project("{FAE04EC0-301F-11D3-BF4B-00C04F79EFBC}") = "Adapter", "Adapter\Adapter.csproj", "{E251C6E4-1485-487F-BBD9-A581DCC59EC4}"
EndProject
Project("{2150E333-8FDC-42A3-9474-1A3956D46DE8}") = "Documents", "Documents", "{B974FE5F-2B13-400B-AF40-F15C619786F2}"
	ProjectSection(SolutionItems) = preProject
		designpatternscard.pdf = designpatternscard.pdf
	EndProjectSection
EndProject
Global
	GlobalSection(SolutionConfigurationPlatforms) = preSolution
		Debug|Any CPU = Debug|Any CPU
		Release|Any CPU = Release|Any CPU
	EndGlobalSection
	GlobalSection(ProjectConfigurationPlatforms) = postSolution
		{8FFCFEED-19EC-48E2-B1F2-2BB99F264EC7}.Debug|Any CPU.ActiveCfg = Debug|Any CPU
		{8FFCFEED-19EC-48E2-B1F2-2BB99F264EC7}.Debug|Any CPU.Build.0 = Debug|Any CPU
		{8FFCFEED-19EC-48E2-B1F2-2BB99F264EC7}.Release|Any CPU.ActiveCfg = Release|Any CPU
		{8FFCFEED-19EC-48E2-B1F2-2BB99F264EC7}.Release|Any CPU.Build.0 = Release|Any CPU
		{B532871B-6E11-48FE-B158-6ACB966A2A7E}.Debug|Any CPU.ActiveCfg = Debug|Any CPU
		{B532871B-6E11-48FE-B158-6ACB966A2A7E}.Debug|Any CPU.Build.0 = Debug|Any CPU
		{B532871B-6E11-48FE-B158-6ACB966A2A7E}.Release|Any CPU.ActiveCfg = Release|Any CPU
		{B532871B-6E11-48FE-B158-6ACB966A2A7E}.Release|Any CPU.Build.0 = Release|Any CPU
		{C38CAB35-9E56-49A3-8A70-38B4ECBD2139}.Debug|Any CPU.ActiveCfg = Debug|Any CPU
		{C38CAB35-9E56-49A3-8A70-38B4ECBD2139}.Debug|Any CPU.Build.0 = Debug|Any CPU
		{C38CAB35-9E56-49A3-8A70-38B4ECBD2139}.Release|Any CPU.ActiveCfg = Release|Any CPU
		{C38CAB35-9E56-49A3-8A70-38B4ECBD2139}.Release|Any CPU.Build.0 = Release|Any CPU
		{67860E46-A115-424F-A395-055DA520654D}.Debug|Any CPU.ActiveCfg = Debug|Any CPU
		{67860E46-A115-424F-A395-055DA520654D}.Debug|Any CPU.Build.0 = Debug|Any CPU
		{67860E46-A115-424F-A395-055DA520654D}.Release|Any CPU.ActiveCfg = Release|Any CPU
		{67860E46-A115-424F-A395-055DA520654D}.Release|Any CPU.Build.0 = Release|Any CPU
		{EF6A005F-486B-4A8B-B1D6-90ED47D8E069}.Debug|Any CPU.ActiveCfg = Debug|Any CPU
		{EF6A005F-486B-4A8B-B1D6-90ED47D8E069}.Debug|Any CPU.Build.0 = Debug|Any CPU
		{EF6A005F-486B-4A8B-B1D6-90ED47D8E069}.Release|Any CPU.ActiveCfg = Release|Any CPU
		{EF6A005F-486B-4A8B-B1D6-90ED47D8E069}.Release|Any CPU.Build.0 = Release|Any CPU
		{D17A1292-E947-46A3-92F7-D00ADFDE313F}.Debug|Any CPU.ActiveCfg = Debug|Any CPU
		{D17A1292-E947-46A3-92F7-D00ADFDE313F}.Debug|Any CPU.Build.0 = Debug|Any CPU
		{D17A1292-E947-46A3-92F7-D00ADFDE313F}.Release|Any CPU.ActiveCfg = Release|Any CPU
		{D17A1292-E947-46A3-92F7-D00ADFDE313F}.Release|Any CPU.Build.0 = Release|Any CPU
		{E251C6E4-1485-487F-BBD9-A581DCC59EC4}.Debug|Any CPU.ActiveCfg = Debug|Any CPU
		{E251C6E4-1485-487F-BBD9-A581DCC59EC4}.Debug|Any CPU.Build.0 = Debug|Any CPU
		{E251C6E4-1485-487F-BBD9-A581DCC59EC4}.Release|Any CPU.ActiveCfg = Release|Any CPU
		{E251C6E4-1485-487F-BBD9-A581DCC59EC4}.Release|Any CPU.Build.0 = Release|Any CPU
	EndGlobalSection
	GlobalSection(SolutionProperties) = preSolution
		HideSolutionNode = FALSE
	EndGlobalSection
	GlobalSection(NestedProjects) = preSolution
		{8FFCFEED-19EC-48E2-B1F2-2BB99F264EC7} = {D1B5BBA6-B4C0-4A98-8DB6-A4BDA9E7D950}
		{B532871B-6E11-48FE-B158-6ACB966A2A7E} = {D1B5BBA6-B4C0-4A98-8DB6-A4BDA9E7D950}
		{C38CAB35-9E56-49A3-8A70-38B4ECBD2139} = {D1B5BBA6-B4C0-4A98-8DB6-A4BDA9E7D950}
		{67860E46-A115-424F-A395-055DA520654D} = {D1B5BBA6-B4C0-4A98-8DB6-A4BDA9E7D950}
		{EF6A005F-486B-4A8B-B1D6-90ED47D8E069} = {D1B5BBA6-B4C0-4A98-8DB6-A4BDA9E7D950}
		{D17A1292-E947-46A3-92F7-D00ADFDE313F} = {2613F185-82AD-4E90-8B53-AD4F22297B60}
		{E251C6E4-1485-487F-BBD9-A581DCC59EC4} = {53AEB829-15B4-43DD-BFE6-2C9A1D84937A}
	EndGlobalSection
EndGlobal
