
Microsoft Visual Studio Solution File, Format Version 12.00
# Visual Studio 2013
VisualStudioVersion = 12.0.21005.1
MinimumVisualStudioVersion = 10.0.40219.1
Project("{FAE04EC0-301F-11D3-BF4B-00C04F79EFBC}") = "UiElements", "UiElements\UiElements.csproj", "{CED027F9-3917-4DBD-9A6A-3239B45CD7DA}"
EndProject
Project("{FAE04EC0-301F-11D3-BF4B-00C04F79EFBC}") = "TestApplication", "TestApplication\TestApplication.csproj", "{8C6BCD16-2CCB-47CB-86B7-FAC361098858}"
EndProject
Global
	GlobalSection(SolutionConfigurationPlatforms) = preSolution
		Debug|Any CPU = Debug|Any CPU
		Release|Any CPU = Release|Any CPU
	EndGlobalSection
	GlobalSection(ProjectConfigurationPlatforms) = postSolution
		{CED027F9-3917-4DBD-9A6A-3239B45CD7DA}.Debug|Any CPU.ActiveCfg = Debug|Any CPU
		{CED027F9-3917-4DBD-9A6A-3239B45CD7DA}.Debug|Any CPU.Build.0 = Debug|Any CPU
		{CED027F9-3917-4DBD-9A6A-3239B45CD7DA}.Release|Any CPU.ActiveCfg = Release|Any CPU
		{CED027F9-3917-4DBD-9A6A-3239B45CD7DA}.Release|Any CPU.Build.0 = Release|Any CPU
		{8C6BCD16-2CCB-47CB-86B7-FAC361098858}.Debug|Any CPU.ActiveCfg = Debug|Any CPU
		{8C6BCD16-2CCB-47CB-86B7-FAC361098858}.Debug|Any CPU.Build.0 = Debug|Any CPU
		{8C6BCD16-2CCB-47CB-86B7-FAC361098858}.Release|Any CPU.ActiveCfg = Release|Any CPU
		{8C6BCD16-2CCB-47CB-86B7-FAC361098858}.Release|Any CPU.Build.0 = Release|Any CPU
	EndGlobalSection
	GlobalSection(SolutionProperties) = preSolution
		HideSolutionNode = FALSE
	EndGlobalSection
EndGlobal
